
Microsoft Visual Studio Solution File, Format Version 12.00
# Visual Studio 15
Project("{FAE04EC0-301F-11D3-BF4B-00C04F79EFBC}") = "Assembly-CSharp-firstpass", "Assembly-CSharp-firstpass.csproj", "{6BCF1753-8618-A6C0-7F1D-4322E3AED478}"
EndProject
Project("{FAE04EC0-301F-11D3-BF4B-00C04F79EFBC}") = "Assembly-CSharp", "Assembly-CSharp.csproj", "{A513BC8D-6A7D-D6C5-EEBE-D27CF600D276}"
EndProject
Project("{FAE04EC0-301F-11D3-BF4B-00C04F79EFBC}") = "Seneral.NodeEditorFramework.Runtime", "Seneral.NodeEditorFramework.Runtime.csproj", "{0CB8A801-CD5E-A824-FD80-041E9C7AE98E}"
EndProject
Project("{FAE04EC0-301F-11D3-BF4B-00C04F79EFBC}") = "SimpleAnimation-Tests", "SimpleAnimation-Tests.csproj", "{FD4697D5-B343-B6BB-8B0A-6A6DE6F86E80}"
EndProject
Project("{FAE04EC0-301F-11D3-BF4B-00C04F79EFBC}") = "SimpleAnimationComponent", "SimpleAnimationComponent.csproj", "{9F145B72-BAA4-1C4A-ED24-9794D7D2A15C}"
EndProject
Project("{FAE04EC0-301F-11D3-BF4B-00C04F79EFBC}") = "Seneral.NodeEditorFramework.Standard", "Seneral.NodeEditorFramework.Standard.csproj", "{BFE948F3-01BE-B96F-300E-89277A54A34E}"
EndProject
Project("{FAE04EC0-301F-11D3-BF4B-00C04F79EFBC}") = "UndoPro", "UndoPro.csproj", "{025B4570-A962-FE89-F231-97445A03DAE0}"
EndProject
Project("{FAE04EC0-301F-11D3-BF4B-00C04F79EFBC}") = "Assembly-CSharp-Editor", "Assembly-CSharp-Editor.csproj", "{B728BA6F-BB4A-66B9-57A2-597CAD6A31B0}"
EndProject
Project("{FAE04EC0-301F-11D3-BF4B-00C04F79EFBC}") = "Assembly-CSharp-Editor-firstpass", "Assembly-CSharp-Editor-firstpass.csproj", "{D1652EA4-7908-700D-1035-6803F3290E6C}"
EndProject
Project("{FAE04EC0-301F-11D3-BF4B-00C04F79EFBC}") = "Seneral.NodeEditorFramework.Editor", "Seneral.NodeEditorFramework.Editor.csproj", "{F453F8A4-5922-66A9-13ED-7A37C7CD4FBA}"
EndProject
Project("{FAE04EC0-301F-11D3-BF4B-00C04F79EFBC}") = "SimpleAnimationComponent-Editor", "SimpleAnimationComponent-Editor.csproj", "{A16DB585-20C3-7653-9F9C-1062F56C4136}"
EndProject
Global
	GlobalSection(SolutionConfigurationPlatforms) = preSolution
		Debug|Any CPU = Debug|Any CPU
		Release|Any CPU = Release|Any CPU
	EndGlobalSection
	GlobalSection(ProjectConfigurationPlatforms) = postSolution
		{6BCF1753-8618-A6C0-7F1D-4322E3AED478}.Debug|Any CPU.ActiveCfg = Debug|Any CPU
		{6BCF1753-8618-A6C0-7F1D-4322E3AED478}.Debug|Any CPU.Build.0 = Debug|Any CPU
		{6BCF1753-8618-A6C0-7F1D-4322E3AED478}.Release|Any CPU.ActiveCfg = Release|Any CPU
		{6BCF1753-8618-A6C0-7F1D-4322E3AED478}.Release|Any CPU.Build.0 = Release|Any CPU
		{A513BC8D-6A7D-D6C5-EEBE-D27CF600D276}.Debug|Any CPU.ActiveCfg = Debug|Any CPU
		{A513BC8D-6A7D-D6C5-EEBE-D27CF600D276}.Debug|Any CPU.Build.0 = Debug|Any CPU
		{A513BC8D-6A7D-D6C5-EEBE-D27CF600D276}.Release|Any CPU.ActiveCfg = Release|Any CPU
		{A513BC8D-6A7D-D6C5-EEBE-D27CF600D276}.Release|Any CPU.Build.0 = Release|Any CPU
		{0CB8A801-CD5E-A824-FD80-041E9C7AE98E}.Debug|Any CPU.ActiveCfg = Debug|Any CPU
		{0CB8A801-CD5E-A824-FD80-041E9C7AE98E}.Debug|Any CPU.Build.0 = Debug|Any CPU
		{0CB8A801-CD5E-A824-FD80-041E9C7AE98E}.Release|Any CPU.ActiveCfg = Release|Any CPU
		{0CB8A801-CD5E-A824-FD80-041E9C7AE98E}.Release|Any CPU.Build.0 = Release|Any CPU
		{FD4697D5-B343-B6BB-8B0A-6A6DE6F86E80}.Debug|Any CPU.ActiveCfg = Debug|Any CPU
		{FD4697D5-B343-B6BB-8B0A-6A6DE6F86E80}.Debug|Any CPU.Build.0 = Debug|Any CPU
		{FD4697D5-B343-B6BB-8B0A-6A6DE6F86E80}.Release|Any CPU.ActiveCfg = Release|Any CPU
		{FD4697D5-B343-B6BB-8B0A-6A6DE6F86E80}.Release|Any CPU.Build.0 = Release|Any CPU
		{9F145B72-BAA4-1C4A-ED24-9794D7D2A15C}.Debug|Any CPU.ActiveCfg = Debug|Any CPU
		{9F145B72-BAA4-1C4A-ED24-9794D7D2A15C}.Debug|Any CPU.Build.0 = Debug|Any CPU
		{9F145B72-BAA4-1C4A-ED24-9794D7D2A15C}.Release|Any CPU.ActiveCfg = Release|Any CPU
		{9F145B72-BAA4-1C4A-ED24-9794D7D2A15C}.Release|Any CPU.Build.0 = Release|Any CPU
		{BFE948F3-01BE-B96F-300E-89277A54A34E}.Debug|Any CPU.ActiveCfg = Debug|Any CPU
		{BFE948F3-01BE-B96F-300E-89277A54A34E}.Debug|Any CPU.Build.0 = Debug|Any CPU
		{BFE948F3-01BE-B96F-300E-89277A54A34E}.Release|Any CPU.ActiveCfg = Release|Any CPU
		{BFE948F3-01BE-B96F-300E-89277A54A34E}.Release|Any CPU.Build.0 = Release|Any CPU
		{025B4570-A962-FE89-F231-97445A03DAE0}.Debug|Any CPU.ActiveCfg = Debug|Any CPU
		{025B4570-A962-FE89-F231-97445A03DAE0}.Debug|Any CPU.Build.0 = Debug|Any CPU
		{025B4570-A962-FE89-F231-97445A03DAE0}.Release|Any CPU.ActiveCfg = Release|Any CPU
		{025B4570-A962-FE89-F231-97445A03DAE0}.Release|Any CPU.Build.0 = Release|Any CPU
		{B728BA6F-BB4A-66B9-57A2-597CAD6A31B0}.Debug|Any CPU.ActiveCfg = Debug|Any CPU
		{B728BA6F-BB4A-66B9-57A2-597CAD6A31B0}.Debug|Any CPU.Build.0 = Debug|Any CPU
		{B728BA6F-BB4A-66B9-57A2-597CAD6A31B0}.Release|Any CPU.ActiveCfg = Release|Any CPU
		{B728BA6F-BB4A-66B9-57A2-597CAD6A31B0}.Release|Any CPU.Build.0 = Release|Any CPU
		{D1652EA4-7908-700D-1035-6803F3290E6C}.Debug|Any CPU.ActiveCfg = Debug|Any CPU
		{D1652EA4-7908-700D-1035-6803F3290E6C}.Debug|Any CPU.Build.0 = Debug|Any CPU
		{D1652EA4-7908-700D-1035-6803F3290E6C}.Release|Any CPU.ActiveCfg = Release|Any CPU
		{D1652EA4-7908-700D-1035-6803F3290E6C}.Release|Any CPU.Build.0 = Release|Any CPU
		{F453F8A4-5922-66A9-13ED-7A37C7CD4FBA}.Debug|Any CPU.ActiveCfg = Debug|Any CPU
		{F453F8A4-5922-66A9-13ED-7A37C7CD4FBA}.Debug|Any CPU.Build.0 = Debug|Any CPU
		{F453F8A4-5922-66A9-13ED-7A37C7CD4FBA}.Release|Any CPU.ActiveCfg = Release|Any CPU
		{F453F8A4-5922-66A9-13ED-7A37C7CD4FBA}.Release|Any CPU.Build.0 = Release|Any CPU
		{A16DB585-20C3-7653-9F9C-1062F56C4136}.Debug|Any CPU.ActiveCfg = Debug|Any CPU
		{A16DB585-20C3-7653-9F9C-1062F56C4136}.Debug|Any CPU.Build.0 = Debug|Any CPU
		{A16DB585-20C3-7653-9F9C-1062F56C4136}.Release|Any CPU.ActiveCfg = Release|Any CPU
		{A16DB585-20C3-7653-9F9C-1062F56C4136}.Release|Any CPU.Build.0 = Release|Any CPU
	EndGlobalSection
	GlobalSection(SolutionProperties) = preSolution
		HideSolutionNode = FALSE
	EndGlobalSection
EndGlobal
